
Microsoft Visual Studio Solution File, Format Version 12.00
# Visual Studio 15
VisualStudioVersion = 15.0.27428.2015
MinimumVisualStudioVersion = 10.0.40219.1
Project("{FAE04EC0-301F-11D3-BF4B-00C04F79EFBC}") = "iOS_comm_app1", "iOS_comm_app1\iOS_comm_app1.csproj", "{C5928C66-9AD8-4E04-A882-C415DC8F853F}"
EndProject
Global
	GlobalSection(SolutionConfigurationPlatforms) = preSolution
		Debug|iPhone = Debug|iPhone
		Debug|iPhoneSimulator = Debug|iPhoneSimulator
		Release|iPhone = Release|iPhone
		Release|iPhoneSimulator = Release|iPhoneSimulator
	EndGlobalSection
	GlobalSection(ProjectConfigurationPlatforms) = postSolution
		{C5928C66-9AD8-4E04-A882-C415DC8F853F}.Debug|iPhone.ActiveCfg = Debug|iPhone
		{C5928C66-9AD8-4E04-A882-C415DC8F853F}.Debug|iPhone.Build.0 = Debug|iPhone
		{C5928C66-9AD8-4E04-A882-C415DC8F853F}.Debug|iPhoneSimulator.ActiveCfg = Debug|iPhoneSimulator
		{C5928C66-9AD8-4E04-A882-C415DC8F853F}.Debug|iPhoneSimulator.Build.0 = Debug|iPhoneSimulator
		{C5928C66-9AD8-4E04-A882-C415DC8F853F}.Release|iPhone.ActiveCfg = Release|iPhone
		{C5928C66-9AD8-4E04-A882-C415DC8F853F}.Release|iPhone.Build.0 = Release|iPhone
		{C5928C66-9AD8-4E04-A882-C415DC8F853F}.Release|iPhoneSimulator.ActiveCfg = Release|iPhoneSimulator
		{C5928C66-9AD8-4E04-A882-C415DC8F853F}.Release|iPhoneSimulator.Build.0 = Release|iPhoneSimulator
	EndGlobalSection
	GlobalSection(SolutionProperties) = preSolution
		HideSolutionNode = FALSE
	EndGlobalSection
	GlobalSection(ExtensibilityGlobals) = postSolution
		SolutionGuid = {E3FB69B3-FA32-41F7-BF33-A581C9F1893C}
	EndGlobalSection
EndGlobal
